
Microsoft Visual Studio Solution File, Format Version 12.00
# Visual Studio Version 17
VisualStudioVersion = 17.0.31903.59
MinimumVisualStudioVersion = 10.0.40219.1
Project("{FAE04EC0-301F-11D3-BF4B-00C04F79EFBC}") = "KARTCompanion", "KARTCompanion\KARTCompanion.csproj", "{1803FDF3-1E43-49FB-9EF7-64CBE1B832BF}"
EndProject
Project("{FAE04EC0-301F-11D3-BF4B-00C04F79EFBC}") = "KARTCompanion.Tests", "KARTCompanion.Tests\KARTCompanion.Tests.csproj", "{D3978D70-E74F-4B28-9B41-7E4384D6BCC4}"
EndProject
Global
	GlobalSection(SolutionConfigurationPlatforms) = preSolution
		Debug|Any CPU = Debug|Any CPU
		Release|Any CPU = Release|Any CPU
	EndGlobalSection
	GlobalSection(SolutionProperties) = preSolution
		HideSolutionNode = FALSE
	EndGlobalSection
	GlobalSection(ProjectConfigurationPlatforms) = postSolution
		{1803FDF3-1E43-49FB-9EF7-64CBE1B832BF}.Debug|Any CPU.ActiveCfg = Debug|Any CPU
		{1803FDF3-1E43-49FB-9EF7-64CBE1B832BF}.Debug|Any CPU.Build.0 = Debug|Any CPU
		{1803FDF3-1E43-49FB-9EF7-64CBE1B832BF}.Release|Any CPU.ActiveCfg = Release|Any CPU
		{1803FDF3-1E43-49FB-9EF7-64CBE1B832BF}.Release|Any CPU.Build.0 = Release|Any CPU
		{D3978D70-E74F-4B28-9B41-7E4384D6BCC4}.Debug|Any CPU.ActiveCfg = Debug|Any CPU
		{D3978D70-E74F-4B28-9B41-7E4384D6BCC4}.Debug|Any CPU.Build.0 = Debug|Any CPU
		{D3978D70-E74F-4B28-9B41-7E4384D6BCC4}.Release|Any CPU.ActiveCfg = Release|Any CPU
		{D3978D70-E74F-4B28-9B41-7E4384D6BCC4}.Release|Any CPU.Build.0 = Release|Any CPU
	EndGlobalSection
EndGlobal
